
Microsoft Visual Studio Solution File, Format Version 12.00
# Visual Studio Version 16
VisualStudioVersion = 16.0.30413.136
MinimumVisualStudioVersion = 10.0.40219.1
Project("{9A19103F-16F7-4668-BE54-9A1E7A4F7556}") = "Server", "Server.csproj", "{6E128896-301F-4AB4-851C-4030AD1CF6E3}"
EndProject
Global
	GlobalSection(SolutionConfigurationPlatforms) = preSolution
		Debug|Any CPU = Debug|Any CPU
		Release|Any CPU = Release|Any CPU
	EndGlobalSection
	GlobalSection(ProjectConfigurationPlatforms) = postSolution
		{6E128896-301F-4AB4-851C-4030AD1CF6E3}.Debug|Any CPU.ActiveCfg = Debug|Any CPU
		{6E128896-301F-4AB4-851C-4030AD1CF6E3}.Debug|Any CPU.Build.0 = Debug|Any CPU
		{6E128896-301F-4AB4-851C-4030AD1CF6E3}.Release|Any CPU.ActiveCfg = Release|Any CPU
		{6E128896-301F-4AB4-851C-4030AD1CF6E3}.Release|Any CPU.Build.0 = Release|Any CPU
	EndGlobalSection
	GlobalSection(SolutionProperties) = preSolution
		HideSolutionNode = FALSE
	EndGlobalSection
	GlobalSection(ExtensibilityGlobals) = postSolution
		SolutionGuid = {9C8CC82C-3D45-4021-9F06-CFD6C1B839F8}
	EndGlobalSection
EndGlobal
